{
  "name": "readme-gen",
  "version": "1.0.0",
  "lockfileVersion": 3,
  "requires": true,
  "packages": {
    "": {
      "name": "readme-gen",
      "version": "1.0.0",
      "license": "ISC",
      "dependencies": {
        "marked": "^8.0.0"
      }
    },
    "node_modules/marked": {
      "version": "8.0.0",
      "resolved": "https://registry.npmjs.org/marked/-/marked-8.0.0.tgz",
      "integrity": "sha512-RI/D5csFVreNrFchdKFSdV38GDHJdD7OdmbNWYzGvApPb0A9pyypgfHC/FBH4ugmRE8cr7yg/TH7tu8585eMhA==",
      "bin": {
        "marked": "bin/marked.js"
      },
      "engines": {
        "node": ">= 16"
      }
    }
  }
}
